
Microsoft Visual Studio Solution File, Format Version 12.00
# Visual Studio Version 17
VisualStudioVersion = 17.1.32407.343
MinimumVisualStudioVersion = 10.0.40219.1
Project("{FAE04EC0-301F-11D3-BF4B-00C04F79EFBC}") = "TrainingVS", "TrainingVS\TrainingVS.csproj", "{D6691D00-C4E1-4641-AFD9-5563188778D6}"
EndProject
Global
	GlobalSection(SolutionConfigurationPlatforms) = preSolution
		Debug|Any CPU = Debug|Any CPU
		Release|Any CPU = Release|Any CPU
	EndGlobalSection
	GlobalSection(ProjectConfigurationPlatforms) = postSolution
		{D6691D00-C4E1-4641-AFD9-5563188778D6}.Debug|Any CPU.ActiveCfg = Debug|Any CPU
		{D6691D00-C4E1-4641-AFD9-5563188778D6}.Debug|Any CPU.Build.0 = Debug|Any CPU
		{D6691D00-C4E1-4641-AFD9-5563188778D6}.Release|Any CPU.ActiveCfg = Release|Any CPU
		{D6691D00-C4E1-4641-AFD9-5563188778D6}.Release|Any CPU.Build.0 = Release|Any CPU
	EndGlobalSection
	GlobalSection(SolutionProperties) = preSolution
		HideSolutionNode = FALSE
	EndGlobalSection
	GlobalSection(ExtensibilityGlobals) = postSolution
		SolutionGuid = {A92C001E-C07A-41E4-A841-0E2EAB458187}
	EndGlobalSection
EndGlobal
